{
  "name": "ai-document-analyzer",
  "version": "2.4.0",
  "lockfileVersion": 3,
  "requires": true,
  "packages": {
    "": {
      "name": "ai-document-analyzer",
      "version": "2.4.0",
      "license": "UNLICENSED",
      "devDependencies": {
        "prettier": "^3.2.5"
      }
    },
    "node_modules/prettier": {
      "version": "3.2.5",
      "resolved": "https://registry.npmjs.org/prettier/-/prettier-3.2.5.tgz",
      "integrity": "sha512-3PZyFduumlyOCXd73IUp6QBfY9CmHKN0020LehBXurMH//37ZU2Z1305EX+KqcroR42CXg4YsEiUf6lB8+Q2Gw==",
      "dev": true,
      "bin": {
        "prettier": "bin/prettier.cjs"
      },
      "engines": {
        "node": ">=14"
      }
    }
  }
}
